// !$*UTF8*$!
{
	archiveVersion = 1;
	classes = {
	};
	objectVersion = 55;
	objects = {

/* Begin PBXBuildFile section */
		26EDD7282831FB2600E027AC /* AppDelegate.m in Sources */ = {isa = PBXBuildFile; fileRef = 26EDD7272831FB2600E027AC /* AppDelegate.m */; };
		26EDD72B2831FB2600E027AC /* SceneDelegate.m in Sources */ = {isa = PBXBuildFile; fileRef = 26EDD72A2831FB2600E027AC /* SceneDelegate.m */; };
		26EDD72E2831FB2600E027AC /* ViewController.mm in Sources */ = {isa = PBXBuildFile; fileRef = 26EDD72D2831FB2600E027AC /* ViewController.mm */; };
		26EDD7312831FB2600E027AC /* Main.storyboard in Resources */ = {isa = PBXBuildFile; fileRef = 26EDD72F2831FB2600E027AC /* Main.storyboard */; };
		26EDD7332831FB2800E027AC /* Assets.xcassets in Resources */ = {isa = PBXBuildFile; fileRef = 26EDD7322831FB2800E027AC /* Assets.xcassets */; };
		26EDD7362831FB2800E027AC /* LaunchScreen.storyboard in Resources */ = {isa = PBXBuildFile; fileRef = 26EDD7342831FB2800E027AC /* LaunchScreen.storyboard */; };
		26EDD7392831FB2800E027AC /* main.m in Sources */ = {isa = PBXBuildFile; fileRef = 26EDD7382831FB2800E027AC /* main.m */; };
		26EDD74128334CBC00E027AC /* AEPerfTools.mm in Sources */ = {isa = PBXBuildFile; fileRef = 26EDD74028334CBC00E027AC /* AEPerfTools.mm */; };
		26EDD74428338D1100E027AC /* MetalKit.framework in Frameworks */ = {isa = PBXBuildFile; fileRef = 26EDD74328338D1100E027AC /* MetalKit.framework */; };
/* End PBXBuildFile section */

/* Begin PBXFileReference section */
		26EDD7232831FB2600E027AC /* AEPerfTools.app */ = {isa = PBXFileReference; explicitFileType = wrapper.application; includeInIndex = 0; path = AEPerfTools.app; sourceTree = BUILT_PRODUCTS_DIR; };
		26EDD7262831FB2600E027AC /* AppDelegate.h */ = {isa = PBXFileReference; lastKnownFileType = sourcecode.c.h; path = AppDelegate.h; sourceTree = "<group>"; };
		26EDD7272831FB2600E027AC /* AppDelegate.m */ = {isa = PBXFileReference; lastKnownFileType = sourcecode.c.objc; path = AppDelegate.m; sourceTree = "<group>"; };
		26EDD7292831FB2600E027AC /* SceneDelegate.h */ = {isa = PBXFileReference; lastKnownFileType = sourcecode.c.h; path = SceneDelegate.h; sourceTree = "<group>"; };
		26EDD72A2831FB2600E027AC /* SceneDelegate.m */ = {isa = PBXFileReference; lastKnownFileType = sourcecode.c.objc; path = SceneDelegate.m; sourceTree = "<group>"; };
		26EDD72C2831FB2600E027AC /* ViewController.h */ = {isa = PBXFileReference; lastKnownFileType = sourcecode.c.h; path = ViewController.h; sourceTree = "<group>"; };
		26EDD72D2831FB2600E027AC /* ViewController.mm */ = {isa = PBXFileReference; lastKnownFileType = sourcecode.cpp.objcpp; path = ViewController.mm; sourceTree = "<group>"; };
		26EDD7302831FB2600E027AC /* Base */ = {isa = PBXFileReference; lastKnownFileType = file.storyboard; name = Base; path = Base.lproj/Main.storyboard; sourceTree = "<group>"; };
		26EDD7322831FB2800E027AC /* Assets.xcassets */ = {isa = PBXFileReference; lastKnownFileType = folder.assetcatalog; path = Assets.xcassets; sourceTree = "<group>"; };
		26EDD7352831FB2800E027AC /* Base */ = {isa = PBXFileReference; lastKnownFileType = file.storyboard; name = Base; path = Base.lproj/LaunchScreen.storyboard; sourceTree = "<group>"; };
		26EDD7372831FB2800E027AC /* Info.plist */ = {isa = PBXFileReference; lastKnownFileType = text.plist.xml; path = Info.plist; sourceTree = "<group>"; };
		26EDD7382831FB2800E027AC /* main.m */ = {isa = PBXFileReference; lastKnownFileType = sourcecode.c.objc; path = main.m; sourceTree = "<group>"; };
		26EDD73F28334CBC00E027AC /* AEPerfTools.h */ = {isa = PBXFileReference; lastKnownFileType = sourcecode.c.h; path = AEPerfTools.h; sourceTree = "<group>"; };
		26EDD74028334CBC00E027AC /* AEPerfTools.mm */ = {isa = PBXFileReference; lastKnownFileType = sourcecode.cpp.objcpp; path = AEPerfTools.mm; sourceTree = "<group>"; };
		26EDD74328338D1100E027AC /* MetalKit.framework */ = {isa = PBXFileReference; lastKnownFileType = wrapper.framework; name = MetalKit.framework; path = System/Library/Frameworks/MetalKit.framework; sourceTree = SDKROOT; };
/* End PBXFileReference section */

/* Begin PBXFrameworksBuildPhase section */
		26EDD7202831FB2600E027AC /* Frameworks */ = {
			isa = PBXFrameworksBuildPhase;
			buildActionMask = 2147483647;
			files = (
				26EDD74428338D1100E027AC /* MetalKit.framework in Frameworks */,
			);
			runOnlyForDeploymentPostprocessing = 0;
		};
/* End PBXFrameworksBuildPhase section */

/* Begin PBXGroup section */
		26EDD71A2831FB2600E027AC = {
			isa = PBXGroup;
			children = (
				26EDD7252831FB2600E027AC /* AEPerfTools */,
				26EDD7242831FB2600E027AC /* Products */,
				26EDD74228338D1100E027AC /* Frameworks */,
			);
			sourceTree = "<group>";
		};
		26EDD7242831FB2600E027AC /* Products */ = {
			isa = PBXGroup;
			children = (
				26EDD7232831FB2600E027AC /* AEPerfTools.app */,
			);
			name = Products;
			sourceTree = "<group>";
		};
		26EDD7252831FB2600E027AC /* AEPerfTools */ = {
			isa = PBXGroup;
			children = (
				26EDD7262831FB2600E027AC /* AppDelegate.h */,
				26EDD7272831FB2600E027AC /* AppDelegate.m */,
				26EDD7292831FB2600E027AC /* SceneDelegate.h */,
				26EDD72A2831FB2600E027AC /* SceneDelegate.m */,
				26EDD72C2831FB2600E027AC /* ViewController.h */,
				26EDD72D2831FB2600E027AC /* ViewController.mm */,
				26EDD72F2831FB2600E027AC /* Main.storyboard */,
				26EDD7322831FB2800E027AC /* Assets.xcassets */,
				26EDD7342831FB2800E027AC /* LaunchScreen.storyboard */,
				26EDD7372831FB2800E027AC /* Info.plist */,
				26EDD7382831FB2800E027AC /* main.m */,
				26EDD73F28334CBC00E027AC /* AEPerfTools.h */,
				26EDD74028334CBC00E027AC /* AEPerfTools.mm */,
			);
			path = AEPerfTools;
			sourceTree = "<group>";
		};
		26EDD74228338D1100E027AC /* Frameworks */ = {
			isa = PBXGroup;
			children = (
				26EDD74328338D1100E027AC /* MetalKit.framework */,
			);
			name = Frameworks;
			sourceTree = "<group>";
		};
/* End PBXGroup section */

/* Begin PBXNativeTarget section */
		26EDD7222831FB2600E027AC /* AEPerfTools */ = {
			isa = PBXNativeTarget;
			buildConfigurationList = 26EDD73C2831FB2800E027AC /* Build configuration list for PBXNativeTarget "AEPerfTools" */;
			buildPhases = (
				26EDD71F2831FB2600E027AC /* Sources */,
				26EDD7202831FB2600E027AC /* Frameworks */,
				26EDD7212831FB2600E027AC /* Resources */,
			);
			buildRules = (
			);
			dependencies = (
			);
			name = AEPerfTools;
			productName = AEPerfTools;
			productReference = 26EDD7232831FB2600E027AC /* AEPerfTools.app */;
			productType = "com.apple.product-type.application";
		};
/* End PBXNativeTarget section */

/* Begin PBXProject section */
		26EDD71B2831FB2600E027AC /* Project object */ = {
			isa = PBXProject;
			attributes = {
				BuildIndependentTargetsInParallel = 1;
				LastUpgradeCheck = 1330;
				TargetAttributes = {
					26EDD7222831FB2600E027AC = {
						CreatedOnToolsVersion = 13.3;
					};
				};
			};
			buildConfigurationList = 26EDD71E2831FB2600E027AC /* Build configuration list for PBXProject "AEPerfTools" */;
			compatibilityVersion = "Xcode 13.0";
			developmentRegion = en;
			hasScannedForEncodings = 0;
			knownRegions = (
				en,
				Base,
			);
			mainGroup = 26EDD71A2831FB2600E027AC;
			productRefGroup = 26EDD7242831FB2600E027AC /* Products */;
			projectDirPath = "";
			projectRoot = "";
			targets = (
				26EDD7222831FB2600E027AC /* AEPerfTools */,
			);
		};
/* End PBXProject section */

/* Begin PBXResourcesBuildPhase section */
		26EDD7212831FB2600E027AC /* Resources */ = {
			isa = PBXResourcesBuildPhase;
			buildActionMask = 2147483647;
			files = (
				26EDD7362831FB2800E027AC /* LaunchScreen.storyboard in Resources */,
				26EDD7332831FB2800E027AC /* Assets.xcassets in Resources */,
				26EDD7312831FB2600E027AC /* Main.storyboard in Resources */,
			);
			runOnlyForDeploymentPostprocessing = 0;
		};
/* End PBXResourcesBuildPhase section */

/* Begin PBXSourcesBuildPhase section */
		26EDD71F2831FB2600E027AC /* Sources */ = {
			isa = PBXSourcesBuildPhase;
			buildActionMask = 2147483647;
			files = (
				26EDD74128334CBC00E027AC /* AEPerfTools.mm in Sources */,
				26EDD72E2831FB2600E027AC /* ViewController.mm in Sources */,
				26EDD7282831FB2600E027AC /* AppDelegate.m in Sources */,
				26EDD7392831FB2800E027AC /* main.m in Sources */,
				26EDD72B2831FB2600E027AC /* SceneDelegate.m in Sources */,
			);
			runOnlyForDeploymentPostprocessing = 0;
		};
/* End PBXSourcesBuildPhase section */

/* Begin PBXVariantGroup section */
		26EDD72F2831FB2600E027AC /* Main.storyboard */ = {
			isa = PBXVariantGroup;
			children = (
				26EDD7302831FB2600E027AC /* Base */,
			);
			name = Main.storyboard;
			sourceTree = "<group>";
		};
		26EDD7342831FB2800E027AC /* LaunchScreen.storyboard */ = {
			isa = PBXVariantGroup;
			children = (
				26EDD7352831FB2800E027AC /* Base */,
			);
			name = LaunchScreen.storyboard;
			sourceTree = "<group>";
		};
/* End PBXVariantGroup section */

/* Begin XCBuildConfiguration section */
		26EDD73A2831FB2800E027AC /* Debug */ = {
			isa = XCBuildConfiguration;
			buildSettings = {
				ALWAYS_SEARCH_USER_PATHS = NO;
				CLANG_ANALYZER_NONNULL = YES;
				CLANG_ANALYZER_NUMBER_OBJECT_CONVERSION = YES_AGGRESSIVE;
				CLANG_CXX_LANGUAGE_STANDARD = "gnu++17";
				CLANG_ENABLE_MODULES = YES;
				CLANG_ENABLE_OBJC_ARC = YES;
				CLANG_ENABLE_OBJC_WEAK = YES;
				CLANG_WARN_BLOCK_CAPTURE_AUTORELEASING = YES;
				CLANG_WARN_BOOL_CONVERSION = YES;
				CLANG_WARN_COMMA = YES;
				CLANG_WARN_CONSTANT_CONVERSION = YES;
				CLANG_WARN_DEPRECATED_OBJC_IMPLEMENTATIONS = YES;
				CLANG_WARN_DIRECT_OBJC_ISA_USAGE = YES_ERROR;
				CLANG_WARN_DOCUMENTATION_COMMENTS = YES;
				CLANG_WARN_EMPTY_BODY = YES;
				CLANG_WARN_ENUM_CONVERSION = YES;
				CLANG_WARN_INFINITE_RECURSION = YES;
				CLANG_WARN_INT_CONVERSION = YES;
				CLANG_WARN_NON_LITERAL_NULL_CONVERSION = YES;
				CLANG_WARN_OBJC_IMPLICIT_RETAIN_SELF = YES;
				CLANG_WARN_OBJC_LITERAL_CONVERSION = YES;
				CLANG_WARN_OBJC_ROOT_CLASS = YES_ERROR;
				CLANG_WARN_QUOTED_INCLUDE_IN_FRAMEWORK_HEADER = YES;
				CLANG_WARN_RANGE_LOOP_ANALYSIS = YES;
				CLANG_WARN_STRICT_PROTOTYPES = YES;
				CLANG_WARN_SUSPICIOUS_MOVE = YES;
				CLANG_WARN_UNGUARDED_AVAILABILITY = YES_AGGRESSIVE;
				CLANG_WARN_UNREACHABLE_CODE = YES;
				CLANG_WARN__DUPLICATE_METHOD_MATCH = YES;
				COPY_PHASE_STRIP = NO;
				DEBUG_INFORMATION_FORMAT = dwarf;
				ENABLE_STRICT_OBJC_MSGSEND = YES;
				ENABLE_TESTABILITY = YES;
				GCC_C_LANGUAGE_STANDARD = gnu11;
				GCC_DYNAMIC_NO_PIC = NO;
				GCC_NO_COMMON_BLOCKS = YES;
				GCC_OPTIMIZATION_LEVEL = 0;
				GCC_PREPROCESSOR_DEFINITIONS = (
					"DEBUG=1",
					"$(inherited)",
				);
				GCC_WARN_64_TO_32_BIT_CONVERSION = YES;
				GCC_WARN_ABOUT_RETURN_TYPE = YES_ERROR;
				GCC_WARN_UNDECLARED_SELECTOR = YES;
				GCC_WARN_UNINITIALIZED_AUTOS = YES_AGGRESSIVE;
				GCC_WARN_UNUSED_FUNCTION = YES;
				GCC_WARN_UNUSED_VARIABLE = YES;
				IPHONEOS_DEPLOYMENT_TARGET = 15.4;
				MTL_ENABLE_DEBUG_INFO = INCLUDE_SOURCE;
				MTL_FAST_MATH = YES;
				ONLY_ACTIVE_ARCH = YES;
				SDKROOT = iphoneos;
			};
			name = Debug;
		};
		26EDD73B2831FB2800E027AC /* Release */ = {
			isa = XCBuildConfiguration;
			buildSettings = {
				ALWAYS_SEARCH_USER_PATHS = NO;
				CLANG_ANALYZER_NONNULL = YES;
				CLANG_ANALYZER_NUMBER_OBJECT_CONVERSION = YES_AGGRESSIVE;
				CLANG_CXX_LANGUAGE_STANDARD = "gnu++17";
				CLANG_ENABLE_MODULES = YES;
				CLANG_ENABLE_OBJC_ARC = YES;
				CLANG_ENABLE_OBJC_WEAK = YES;
				CLANG_WARN_BLOCK_CAPTURE_AUTORELEASING = YES;
				CLANG_WARN_BOOL_CONVERSION = YES;
				CLANG_WARN_COMMA = YES;
				CLANG_WARN_CONSTANT_CONVERSION = YES;
				CLANG_WARN_DEPRECATED_OBJC_IMPLEMENTATIONS = YES;
				CLANG_WARN_DIRECT_OBJC_ISA_USAGE = YES_ERROR;
				CLANG_WARN_DOCUMENTATION_COMMENTS = YES;
				CLANG_WARN_EMPTY_BODY = YES;
				CLANG_WARN_ENUM_CONVERSION = YES;
				CLANG_WARN_INFINITE_RECURSION = YES;
				CLANG_WARN_INT_CONVERSION = YES;
				CLANG_WARN_NON_LITERAL_NULL_CONVERSION = YES;
				CLANG_WARN_OBJC_IMPLICIT_RETAIN_SELF = YES;
				CLANG_WARN_OBJC_LITERAL_CONVERSION = YES;
				CLANG_WARN_OBJC_ROOT_CLASS = YES_ERROR;
				CLANG_WARN_QUOTED_INCLUDE_IN_FRAMEWORK_HEADER = YES;
				CLANG_WARN_RANGE_LOOP_ANALYSIS = YES;
				CLANG_WARN_STRICT_PROTOTYPES = YES;
				CLANG_WARN_SUSPICIOUS_MOVE = YES;
				CLANG_WARN_UNGUARDED_AVAILABILITY = YES_AGGRESSIVE;
				CLANG_WARN_UNREACHABLE_CODE = YES;
				CLANG_WARN__DUPLICATE_METHOD_MATCH = YES;
				COPY_PHASE_STRIP = NO;
				DEBUG_INFORMATION_FORMAT = "dwarf-with-dsym";
				ENABLE_NS_ASSERTIONS = NO;
				ENABLE_STRICT_OBJC_MSGSEND = YES;
				GCC_C_LANGUAGE_STANDARD = gnu11;
				GCC_NO_COMMON_BLOCKS = YES;
				GCC_WARN_64_TO_32_BIT_CONVERSION = YES;
				GCC_WARN_ABOUT_RETURN_TYPE = YES_ERROR;
				GCC_WARN_UNDECLARED_SELECTOR = YES;
				GCC_WARN_UNINITIALIZED_AUTOS = YES_AGGRESSIVE;
				GCC_WARN_UNUSED_FUNCTION = YES;
				GCC_WARN_UNUSED_VARIABLE = YES;
				IPHONEOS_DEPLOYMENT_TARGET = 15.4;
				MTL_ENABLE_DEBUG_INFO = NO;
				MTL_FAST_MATH = YES;
				SDKROOT = iphoneos;
				VALIDATE_PRODUCT = YES;
			};
			name = Release;
		};
		26EDD73D2831FB2800E027AC /* Debug */ = {
			isa = XCBuildConfiguration;
			buildSettings = {
				ASSETCATALOG_COMPILER_APPICON_NAME = AppIcon;
				ASSETCATALOG_COMPILER_GLOBAL_ACCENT_COLOR_NAME = AccentColor;
				CODE_SIGN_STYLE = Automatic;
				CURRENT_PROJECT_VERSION = 1;
				DEVELOPMENT_TEAM = "";
				GENERATE_INFOPLIST_FILE = YES;
				INFOPLIST_FILE = AEPerfTools/Info.plist;
				INFOPLIST_KEY_UIApplicationSupportsIndirectInputEvents = YES;
				INFOPLIST_KEY_UILaunchStoryboardName = LaunchScreen;
				INFOPLIST_KEY_UIMainStoryboardFile = Main;
				INFOPLIST_KEY_UISupportedInterfaceOrientations_iPad = "UIInterfaceOrientationPortrait UIInterfaceOrientationPortraitUpsideDown UIInterfaceOrientationLandscapeLeft UIInterfaceOrientationLandscapeRight";
				INFOPLIST_KEY_UISupportedInterfaceOrientations_iPhone = "UIInterfaceOrientationPortrait UIInterfaceOrientationLandscapeLeft UIInterfaceOrientationLandscapeRight";
				LD_RUNPATH_SEARCH_PATHS = (
					"$(inherited)",
					"@executable_path/Frameworks",
				);
				MARKETING_VERSION = 1.0;
				PRODUCT_BUNDLE_IDENTIFIER = com.gritworld.gritmobile.AEPerfTools;
				PRODUCT_NAME = "$(TARGET_NAME)";
				SWIFT_EMIT_LOC_STRINGS = YES;
				TARGETED_DEVICE_FAMILY = "1,2";
			};
			name = Debug;
		};
		26EDD73E2831FB2800E027AC /* Release */ = {
			isa = XCBuildConfiguration;
			buildSettings = {
				ASSETCATALOG_COMPILER_APPICON_NAME = AppIcon;
				ASSETCATALOG_COMPILER_GLOBAL_ACCENT_COLOR_NAME = AccentColor;
				CODE_SIGN_STYLE = Automatic;
				CURRENT_PROJECT_VERSION = 1;
				DEVELOPMENT_TEAM = "";
				GENERATE_INFOPLIST_FILE = YES;
				INFOPLIST_FILE = AEPerfTools/Info.plist;
				INFOPLIST_KEY_UIApplicationSupportsIndirectInputEvents = YES;
				INFOPLIST_KEY_UILaunchStoryboardName = LaunchScreen;
				INFOPLIST_KEY_UIMainStoryboardFile = Main;
				INFOPLIST_KEY_UISupportedInterfaceOrientations_iPad = "UIInterfaceOrientationPortrait UIInterfaceOrientationPortraitUpsideDown UIInterfaceOrientationLandscapeLeft UIInterfaceOrientationLandscapeRight";
				INFOPLIST_KEY_UISupportedInterfaceOrientations_iPhone = "UIInterfaceOrientationPortrait UIInterfaceOrientationLandscapeLeft UIInterfaceOrientationLandscapeRight";
				LD_RUNPATH_SEARCH_PATHS = (
					"$(inherited)",
					"@executable_path/Frameworks",
				);
				MARKETING_VERSION = 1.0;
				PRODUCT_BUNDLE_IDENTIFIER = com.gritworld.gritmobile.AEPerfTools;
				PRODUCT_NAME = "$(TARGET_NAME)";
				SWIFT_EMIT_LOC_STRINGS = YES;
				TARGETED_DEVICE_FAMILY = "1,2";
			};
			name = Release;
		};
/* End XCBuildConfiguration section */

/* Begin XCConfigurationList section */
		26EDD71E2831FB2600E027AC /* Build configuration list for PBXProject "AEPerfTools" */ = {
			isa = XCConfigurationList;
			buildConfigurations = (
				26EDD73A2831FB2800E027AC /* Debug */,
				26EDD73B2831FB2800E027AC /* Release */,
			);
			defaultConfigurationIsVisible = 0;
			defaultConfigurationName = Release;
		};
		26EDD73C2831FB2800E027AC /* Build configuration list for PBXNativeTarget "AEPerfTools" */ = {
			isa = XCConfigurationList;
			buildConfigurations = (
				26EDD73D2831FB2800E027AC /* Debug */,
				26EDD73E2831FB2800E027AC /* Release */,
			);
			defaultConfigurationIsVisible = 0;
			defaultConfigurationName = Release;
		};
/* End XCConfigurationList section */
	};
	rootObject = 26EDD71B2831FB2600E027AC /* Project object */;
}
