// !$*UTF8*$!
{
	archiveVersion = 1;
	classes = {
	};
	objectVersion = 50;
	objects = {

/* Begin PBXBuildFile section */
		26A77E81270060F3003313A4 /* AEMutedTools.swift in Sources */ = {isa = PBXBuildFile; fileRef = 26A77E80270060F3003313A4 /* AEMutedTools.swift */; };
		26A77E8327006249003313A4 /* detection.aiff in Resources */ = {isa = PBXBuildFile; fileRef = 26A77E8227006249003313A4 /* detection.aiff */; };
		26A77E87270072D2003313A4 /* Theme.m4a in Resources */ = {isa = PBXBuildFile; fileRef = 26A77E86270072D2003313A4 /* Theme.m4a */; };
		A832902B25A84C0800E67481 /* AppDelegate.swift in Sources */ = {isa = PBXBuildFile; fileRef = A832902A25A84C0800E67481 /* AppDelegate.swift */; };
		A832902D25A84C0800E67481 /* SceneDelegate.swift in Sources */ = {isa = PBXBuildFile; fileRef = A832902C25A84C0800E67481 /* SceneDelegate.swift */; };
		A832902F25A84C0800E67481 /* ViewController.swift in Sources */ = {isa = PBXBuildFile; fileRef = A832902E25A84C0800E67481 /* ViewController.swift */; };
		A832903225A84C0800E67481 /* Main.storyboard in Resources */ = {isa = PBXBuildFile; fileRef = A832903025A84C0800E67481 /* Main.storyboard */; };
		A832903425A84C0B00E67481 /* Assets.xcassets in Resources */ = {isa = PBXBuildFile; fileRef = A832903325A84C0B00E67481 /* Assets.xcassets */; };
		A832903725A84C0B00E67481 /* LaunchScreen.storyboard in Resources */ = {isa = PBXBuildFile; fileRef = A832903525A84C0B00E67481 /* LaunchScreen.storyboard */; };
		A832904125A84C5F00E67481 /* AEAssistTools.swift in Sources */ = {isa = PBXBuildFile; fileRef = A832904025A84C5F00E67481 /* AEAssistTools.swift */; };
/* End PBXBuildFile section */

/* Begin PBXFileReference section */
		26A77E80270060F3003313A4 /* AEMutedTools.swift */ = {isa = PBXFileReference; lastKnownFileType = sourcecode.swift; path = AEMutedTools.swift; sourceTree = "<group>"; };
		26A77E8227006249003313A4 /* detection.aiff */ = {isa = PBXFileReference; lastKnownFileType = audio.aiff; path = detection.aiff; sourceTree = "<group>"; };
		26A77E86270072D2003313A4 /* Theme.m4a */ = {isa = PBXFileReference; lastKnownFileType = file; path = Theme.m4a; sourceTree = "<group>"; };
		A832902725A84C0800E67481 /* AssistTools.app */ = {isa = PBXFileReference; explicitFileType = wrapper.application; includeInIndex = 0; path = AssistTools.app; sourceTree = BUILT_PRODUCTS_DIR; };
		A832902A25A84C0800E67481 /* AppDelegate.swift */ = {isa = PBXFileReference; lastKnownFileType = sourcecode.swift; path = AppDelegate.swift; sourceTree = "<group>"; };
		A832902C25A84C0800E67481 /* SceneDelegate.swift */ = {isa = PBXFileReference; lastKnownFileType = sourcecode.swift; path = SceneDelegate.swift; sourceTree = "<group>"; };
		A832902E25A84C0800E67481 /* ViewController.swift */ = {isa = PBXFileReference; lastKnownFileType = sourcecode.swift; path = ViewController.swift; sourceTree = "<group>"; };
		A832903125A84C0800E67481 /* Base */ = {isa = PBXFileReference; lastKnownFileType = file.storyboard; name = Base; path = Base.lproj/Main.storyboard; sourceTree = "<group>"; };
		A832903325A84C0B00E67481 /* Assets.xcassets */ = {isa = PBXFileReference; lastKnownFileType = folder.assetcatalog; path = Assets.xcassets; sourceTree = "<group>"; };
		A832903625A84C0B00E67481 /* Base */ = {isa = PBXFileReference; lastKnownFileType = file.storyboard; name = Base; path = Base.lproj/LaunchScreen.storyboard; sourceTree = "<group>"; };
		A832903825A84C0B00E67481 /* Info.plist */ = {isa = PBXFileReference; lastKnownFileType = text.plist.xml; path = Info.plist; sourceTree = "<group>"; };
		A832904025A84C5F00E67481 /* AEAssistTools.swift */ = {isa = PBXFileReference; lastKnownFileType = sourcecode.swift; path = AEAssistTools.swift; sourceTree = "<group>"; };
/* End PBXFileReference section */

/* Begin PBXFrameworksBuildPhase section */
		A832902425A84C0800E67481 /* Frameworks */ = {
			isa = PBXFrameworksBuildPhase;
			buildActionMask = 2147483647;
			files = (
			);
			runOnlyForDeploymentPostprocessing = 0;
		};
/* End PBXFrameworksBuildPhase section */

/* Begin PBXGroup section */
		26A77E7F270060DF003313A4 /* Muted */ = {
			isa = PBXGroup;
			children = (
				26A77E86270072D2003313A4 /* Theme.m4a */,
				26A77E8227006249003313A4 /* detection.aiff */,
				26A77E80270060F3003313A4 /* AEMutedTools.swift */,
			);
			path = Muted;
			sourceTree = "<group>";
		};
		A832901E25A84C0800E67481 = {
			isa = PBXGroup;
			children = (
				A832902925A84C0800E67481 /* AssistTools */,
				A832902825A84C0800E67481 /* Products */,
			);
			sourceTree = "<group>";
		};
		A832902825A84C0800E67481 /* Products */ = {
			isa = PBXGroup;
			children = (
				A832902725A84C0800E67481 /* AssistTools.app */,
			);
			name = Products;
			sourceTree = "<group>";
		};
		A832902925A84C0800E67481 /* AssistTools */ = {
			isa = PBXGroup;
			children = (
				26A77E7F270060DF003313A4 /* Muted */,
				A832903F25A84C3F00E67481 /* AssistTools */,
				A832902A25A84C0800E67481 /* AppDelegate.swift */,
				A832902C25A84C0800E67481 /* SceneDelegate.swift */,
				A832902E25A84C0800E67481 /* ViewController.swift */,
				A832903025A84C0800E67481 /* Main.storyboard */,
				A832903325A84C0B00E67481 /* Assets.xcassets */,
				A832903525A84C0B00E67481 /* LaunchScreen.storyboard */,
				A832903825A84C0B00E67481 /* Info.plist */,
			);
			path = AssistTools;
			sourceTree = "<group>";
		};
		A832903F25A84C3F00E67481 /* AssistTools */ = {
			isa = PBXGroup;
			children = (
				A832904025A84C5F00E67481 /* AEAssistTools.swift */,
			);
			path = AssistTools;
			sourceTree = "<group>";
		};
/* End PBXGroup section */

/* Begin PBXNativeTarget section */
		A832902625A84C0800E67481 /* AssistTools */ = {
			isa = PBXNativeTarget;
			buildConfigurationList = A832903B25A84C0B00E67481 /* Build configuration list for PBXNativeTarget "AssistTools" */;
			buildPhases = (
				A832902325A84C0800E67481 /* Sources */,
				A832902425A84C0800E67481 /* Frameworks */,
				A832902525A84C0800E67481 /* Resources */,
			);
			buildRules = (
			);
			dependencies = (
			);
			name = AssistTools;
			productName = AssistTools;
			productReference = A832902725A84C0800E67481 /* AssistTools.app */;
			productType = "com.apple.product-type.application";
		};
/* End PBXNativeTarget section */

/* Begin PBXProject section */
		A832901F25A84C0800E67481 /* Project object */ = {
			isa = PBXProject;
			attributes = {
				LastSwiftUpdateCheck = 1220;
				LastUpgradeCheck = 1220;
				TargetAttributes = {
					A832902625A84C0800E67481 = {
						CreatedOnToolsVersion = 12.2;
					};
				};
			};
			buildConfigurationList = A832902225A84C0800E67481 /* Build configuration list for PBXProject "AssistTools" */;
			compatibilityVersion = "Xcode 9.3";
			developmentRegion = en;
			hasScannedForEncodings = 0;
			knownRegions = (
				en,
				Base,
			);
			mainGroup = A832901E25A84C0800E67481;
			productRefGroup = A832902825A84C0800E67481 /* Products */;
			projectDirPath = "";
			projectRoot = "";
			targets = (
				A832902625A84C0800E67481 /* AssistTools */,
			);
		};
/* End PBXProject section */

/* Begin PBXResourcesBuildPhase section */
		A832902525A84C0800E67481 /* Resources */ = {
			isa = PBXResourcesBuildPhase;
			buildActionMask = 2147483647;
			files = (
				26A77E87270072D2003313A4 /* Theme.m4a in Resources */,
				A832903725A84C0B00E67481 /* LaunchScreen.storyboard in Resources */,
				26A77E8327006249003313A4 /* detection.aiff in Resources */,
				A832903425A84C0B00E67481 /* Assets.xcassets in Resources */,
				A832903225A84C0800E67481 /* Main.storyboard in Resources */,
			);
			runOnlyForDeploymentPostprocessing = 0;
		};
/* End PBXResourcesBuildPhase section */

/* Begin PBXSourcesBuildPhase section */
		A832902325A84C0800E67481 /* Sources */ = {
			isa = PBXSourcesBuildPhase;
			buildActionMask = 2147483647;
			files = (
				A832904125A84C5F00E67481 /* AEAssistTools.swift in Sources */,
				26A77E81270060F3003313A4 /* AEMutedTools.swift in Sources */,
				A832902F25A84C0800E67481 /* ViewController.swift in Sources */,
				A832902B25A84C0800E67481 /* AppDelegate.swift in Sources */,
				A832902D25A84C0800E67481 /* SceneDelegate.swift in Sources */,
			);
			runOnlyForDeploymentPostprocessing = 0;
		};
/* End PBXSourcesBuildPhase section */

/* Begin PBXVariantGroup section */
		A832903025A84C0800E67481 /* Main.storyboard */ = {
			isa = PBXVariantGroup;
			children = (
				A832903125A84C0800E67481 /* Base */,
			);
			name = Main.storyboard;
			sourceTree = "<group>";
		};
		A832903525A84C0B00E67481 /* LaunchScreen.storyboard */ = {
			isa = PBXVariantGroup;
			children = (
				A832903625A84C0B00E67481 /* Base */,
			);
			name = LaunchScreen.storyboard;
			sourceTree = "<group>";
		};
/* End PBXVariantGroup section */

/* Begin XCBuildConfiguration section */
		A832903925A84C0B00E67481 /* Debug */ = {
			isa = XCBuildConfiguration;
			buildSettings = {
				ALWAYS_SEARCH_USER_PATHS = NO;
				CLANG_ANALYZER_NONNULL = YES;
				CLANG_ANALYZER_NUMBER_OBJECT_CONVERSION = YES_AGGRESSIVE;
				CLANG_CXX_LANGUAGE_STANDARD = "gnu++14";
				CLANG_CXX_LIBRARY = "libc++";
				CLANG_ENABLE_MODULES = YES;
				CLANG_ENABLE_OBJC_ARC = YES;
				CLANG_ENABLE_OBJC_WEAK = YES;
				CLANG_WARN_BLOCK_CAPTURE_AUTORELEASING = YES;
				CLANG_WARN_BOOL_CONVERSION = YES;
				CLANG_WARN_COMMA = YES;
				CLANG_WARN_CONSTANT_CONVERSION = YES;
				CLANG_WARN_DEPRECATED_OBJC_IMPLEMENTATIONS = YES;
				CLANG_WARN_DIRECT_OBJC_ISA_USAGE = YES_ERROR;
				CLANG_WARN_DOCUMENTATION_COMMENTS = YES;
				CLANG_WARN_EMPTY_BODY = YES;
				CLANG_WARN_ENUM_CONVERSION = YES;
				CLANG_WARN_INFINITE_RECURSION = YES;
				CLANG_WARN_INT_CONVERSION = YES;
				CLANG_WARN_NON_LITERAL_NULL_CONVERSION = YES;
				CLANG_WARN_OBJC_IMPLICIT_RETAIN_SELF = YES;
				CLANG_WARN_OBJC_LITERAL_CONVERSION = YES;
				CLANG_WARN_OBJC_ROOT_CLASS = YES_ERROR;
				CLANG_WARN_QUOTED_INCLUDE_IN_FRAMEWORK_HEADER = YES;
				CLANG_WARN_RANGE_LOOP_ANALYSIS = YES;
				CLANG_WARN_STRICT_PROTOTYPES = YES;
				CLANG_WARN_SUSPICIOUS_MOVE = YES;
				CLANG_WARN_UNGUARDED_AVAILABILITY = YES_AGGRESSIVE;
				CLANG_WARN_UNREACHABLE_CODE = YES;
				CLANG_WARN__DUPLICATE_METHOD_MATCH = YES;
				COPY_PHASE_STRIP = NO;
				DEBUG_INFORMATION_FORMAT = dwarf;
				ENABLE_STRICT_OBJC_MSGSEND = YES;
				ENABLE_TESTABILITY = YES;
				GCC_C_LANGUAGE_STANDARD = gnu11;
				GCC_DYNAMIC_NO_PIC = NO;
				GCC_NO_COMMON_BLOCKS = YES;
				GCC_OPTIMIZATION_LEVEL = 0;
				GCC_PREPROCESSOR_DEFINITIONS = (
					"DEBUG=1",
					"$(inherited)",
				);
				GCC_WARN_64_TO_32_BIT_CONVERSION = YES;
				GCC_WARN_ABOUT_RETURN_TYPE = YES_ERROR;
				GCC_WARN_UNDECLARED_SELECTOR = YES;
				GCC_WARN_UNINITIALIZED_AUTOS = YES_AGGRESSIVE;
				GCC_WARN_UNUSED_FUNCTION = YES;
				GCC_WARN_UNUSED_VARIABLE = YES;
				IPHONEOS_DEPLOYMENT_TARGET = 10.3;
				MTL_ENABLE_DEBUG_INFO = INCLUDE_SOURCE;
				MTL_FAST_MATH = YES;
				ONLY_ACTIVE_ARCH = YES;
				SDKROOT = iphoneos;
				SWIFT_ACTIVE_COMPILATION_CONDITIONS = DEBUG;
				SWIFT_OPTIMIZATION_LEVEL = "-Onone";
			};
			name = Debug;
		};
		A832903A25A84C0B00E67481 /* Release */ = {
			isa = XCBuildConfiguration;
			buildSettings = {
				ALWAYS_SEARCH_USER_PATHS = NO;
				CLANG_ANALYZER_NONNULL = YES;
				CLANG_ANALYZER_NUMBER_OBJECT_CONVERSION = YES_AGGRESSIVE;
				CLANG_CXX_LANGUAGE_STANDARD = "gnu++14";
				CLANG_CXX_LIBRARY = "libc++";
				CLANG_ENABLE_MODULES = YES;
				CLANG_ENABLE_OBJC_ARC = YES;
				CLANG_ENABLE_OBJC_WEAK = YES;
				CLANG_WARN_BLOCK_CAPTURE_AUTORELEASING = YES;
				CLANG_WARN_BOOL_CONVERSION = YES;
				CLANG_WARN_COMMA = YES;
				CLANG_WARN_CONSTANT_CONVERSION = YES;
				CLANG_WARN_DEPRECATED_OBJC_IMPLEMENTATIONS = YES;
				CLANG_WARN_DIRECT_OBJC_ISA_USAGE = YES_ERROR;
				CLANG_WARN_DOCUMENTATION_COMMENTS = YES;
				CLANG_WARN_EMPTY_BODY = YES;
				CLANG_WARN_ENUM_CONVERSION = YES;
				CLANG_WARN_INFINITE_RECURSION = YES;
				CLANG_WARN_INT_CONVERSION = YES;
				CLANG_WARN_NON_LITERAL_NULL_CONVERSION = YES;
				CLANG_WARN_OBJC_IMPLICIT_RETAIN_SELF = YES;
				CLANG_WARN_OBJC_LITERAL_CONVERSION = YES;
				CLANG_WARN_OBJC_ROOT_CLASS = YES_ERROR;
				CLANG_WARN_QUOTED_INCLUDE_IN_FRAMEWORK_HEADER = YES;
				CLANG_WARN_RANGE_LOOP_ANALYSIS = YES;
				CLANG_WARN_STRICT_PROTOTYPES = YES;
				CLANG_WARN_SUSPICIOUS_MOVE = YES;
				CLANG_WARN_UNGUARDED_AVAILABILITY = YES_AGGRESSIVE;
				CLANG_WARN_UNREACHABLE_CODE = YES;
				CLANG_WARN__DUPLICATE_METHOD_MATCH = YES;
				COPY_PHASE_STRIP = NO;
				DEBUG_INFORMATION_FORMAT = "dwarf-with-dsym";
				ENABLE_NS_ASSERTIONS = NO;
				ENABLE_STRICT_OBJC_MSGSEND = YES;
				GCC_C_LANGUAGE_STANDARD = gnu11;
				GCC_NO_COMMON_BLOCKS = YES;
				GCC_WARN_64_TO_32_BIT_CONVERSION = YES;
				GCC_WARN_ABOUT_RETURN_TYPE = YES_ERROR;
				GCC_WARN_UNDECLARED_SELECTOR = YES;
				GCC_WARN_UNINITIALIZED_AUTOS = YES_AGGRESSIVE;
				GCC_WARN_UNUSED_FUNCTION = YES;
				GCC_WARN_UNUSED_VARIABLE = YES;
				IPHONEOS_DEPLOYMENT_TARGET = 10.3;
				MTL_ENABLE_DEBUG_INFO = NO;
				MTL_FAST_MATH = YES;
				SDKROOT = iphoneos;
				SWIFT_COMPILATION_MODE = wholemodule;
				SWIFT_OPTIMIZATION_LEVEL = "-O";
				VALIDATE_PRODUCT = YES;
			};
			name = Release;
		};
		A832903C25A84C0B00E67481 /* Debug */ = {
			isa = XCBuildConfiguration;
			buildSettings = {
				ASSETCATALOG_COMPILER_APPICON_NAME = AppIcon;
				ASSETCATALOG_COMPILER_GLOBAL_ACCENT_COLOR_NAME = AccentColor;
				CODE_SIGN_STYLE = Automatic;
				DEVELOPMENT_TEAM = D5M8CJ9NDR;
				INFOPLIST_FILE = AssistTools/Info.plist;
				IPHONEOS_DEPLOYMENT_TARGET = 10.3;
				LD_RUNPATH_SEARCH_PATHS = (
					"$(inherited)",
					"@executable_path/Frameworks",
				);
				PRODUCT_BUNDLE_IDENTIFIER = com.allen.AssistTools;
				PRODUCT_NAME = "$(TARGET_NAME)";
				SWIFT_VERSION = 5.0;
				TARGETED_DEVICE_FAMILY = "1,2";
			};
			name = Debug;
		};
		A832903D25A84C0B00E67481 /* Release */ = {
			isa = XCBuildConfiguration;
			buildSettings = {
				ASSETCATALOG_COMPILER_APPICON_NAME = AppIcon;
				ASSETCATALOG_COMPILER_GLOBAL_ACCENT_COLOR_NAME = AccentColor;
				CODE_SIGN_STYLE = Automatic;
				DEVELOPMENT_TEAM = D5M8CJ9NDR;
				INFOPLIST_FILE = AssistTools/Info.plist;
				IPHONEOS_DEPLOYMENT_TARGET = 10.3;
				LD_RUNPATH_SEARCH_PATHS = (
					"$(inherited)",
					"@executable_path/Frameworks",
				);
				PRODUCT_BUNDLE_IDENTIFIER = com.allen.AssistTools;
				PRODUCT_NAME = "$(TARGET_NAME)";
				SWIFT_VERSION = 5.0;
				TARGETED_DEVICE_FAMILY = "1,2";
			};
			name = Release;
		};
/* End XCBuildConfiguration section */

/* Begin XCConfigurationList section */
		A832902225A84C0800E67481 /* Build configuration list for PBXProject "AssistTools" */ = {
			isa = XCConfigurationList;
			buildConfigurations = (
				A832903925A84C0B00E67481 /* Debug */,
				A832903A25A84C0B00E67481 /* Release */,
			);
			defaultConfigurationIsVisible = 0;
			defaultConfigurationName = Release;
		};
		A832903B25A84C0B00E67481 /* Build configuration list for PBXNativeTarget "AssistTools" */ = {
			isa = XCConfigurationList;
			buildConfigurations = (
				A832903C25A84C0B00E67481 /* Debug */,
				A832903D25A84C0B00E67481 /* Release */,
			);
			defaultConfigurationIsVisible = 0;
			defaultConfigurationName = Release;
		};
/* End XCConfigurationList section */
	};
	rootObject = A832901F25A84C0800E67481 /* Project object */;
}
